
Microsoft Visual Studio Solution File, Format Version 12.00
# Visual Studio Version 16
VisualStudioVersion = 16.0.32602.291
MinimumVisualStudioVersion = 10.0.40219.1
Project("{FAE04EC0-301F-11D3-BF4B-00C04F79EFBC}") = "TestAppTSNIIMASH2", "TestAppTSNIIMASH2\TestAppTSNIIMASH2.csproj", "{C55CA032-4E85-4F43-9BF8-5A14CD3C0768}"
EndProject
Global
	GlobalSection(SolutionConfigurationPlatforms) = preSolution
		Debug|Any CPU = Debug|Any CPU
		Release|Any CPU = Release|Any CPU
	EndGlobalSection
	GlobalSection(ProjectConfigurationPlatforms) = postSolution
		{C55CA032-4E85-4F43-9BF8-5A14CD3C0768}.Debug|Any CPU.ActiveCfg = Debug|Any CPU
		{C55CA032-4E85-4F43-9BF8-5A14CD3C0768}.Debug|Any CPU.Build.0 = Debug|Any CPU
		{C55CA032-4E85-4F43-9BF8-5A14CD3C0768}.Release|Any CPU.ActiveCfg = Release|Any CPU
		{C55CA032-4E85-4F43-9BF8-5A14CD3C0768}.Release|Any CPU.Build.0 = Release|Any CPU
	EndGlobalSection
	GlobalSection(SolutionProperties) = preSolution
		HideSolutionNode = FALSE
	EndGlobalSection
	GlobalSection(ExtensibilityGlobals) = postSolution
		SolutionGuid = {328EC9D1-0FDD-487A-AAA7-E6ECB742F59A}
	EndGlobalSection
EndGlobal
